
Microsoft Visual Studio Solution File, Format Version 12.00
# Visual Studio Version 16
VisualStudioVersion = 16.0.29920.165
MinimumVisualStudioVersion = 10.0.40219.1
Project("{FAE04EC0-301F-11D3-BF4B-00C04F79EFBC}") = "UserManagement.Core", "UserManagement\UserManagement.Core.csproj", "{F1531D9C-7DF7-4AB2-8902-4331F01CEA18}"
EndProject
Project("{FAE04EC0-301F-11D3-BF4B-00C04F79EFBC}") = "UserManagement.Common", "UserManagement.Common\UserManagement.Common.csproj", "{04B4FE5C-7ED2-4245-B383-8750C96DE395}"
EndProject
Project("{FAE04EC0-301F-11D3-BF4B-00C04F79EFBC}") = "UserManagement.UI", "UserManagement.UI\UserManagement.UI.csproj", "{55815044-5350-402D-A8E0-59741C3AACFB}"
EndProject
Project("{2150E333-8FDC-42A3-9474-1A3956D46DE8}") = "Business", "Business", "{4FB41346-5520-43E8-A6AE-B7233EE4EA10}"
EndProject
Project("{2150E333-8FDC-42A3-9474-1A3956D46DE8}") = "Core", "Core", "{8D31620A-DAC4-4B60-9FA3-4B664162A486}"
EndProject
Project("{2150E333-8FDC-42A3-9474-1A3956D46DE8}") = "Data", "Data", "{CD29BDFA-4C05-4BBB-88BB-4E15E5AEDB18}"
EndProject
Project("{FAE04EC0-301F-11D3-BF4B-00C04F79EFBC}") = "UserManagement.Entity", "UserManagement.Entity\UserManagement.Entity.csproj", "{41BC0307-426E-4F3D-BBDB-C1D7063DFF3A}"
EndProject
Project("{FAE04EC0-301F-11D3-BF4B-00C04F79EFBC}") = "UserManagement.Manager", "UserManagement.Manager\UserManagement.Manager.csproj", "{2F904DA6-D08C-4DE9-A0F5-722B382B1291}"
EndProject
Project("{FAE04EC0-301F-11D3-BF4B-00C04F79EFBC}") = "UserManagement.WebServices", "UserManagement.WebServices\UserManagement.WebServices.csproj", "{47BE615B-AA5D-4711-9916-D7B0070386AE}"
EndProject
Project("{54435603-DBB4-11D2-8724-00A0C9A8B90C}") = "Version4Setup", "Version4Setup\Version4Setup.vdproj", "{DE6128B9-84E0-4D70-ADFF-8E9A7DEE2344}"
EndProject
Project("{FAE04EC0-301F-11D3-BF4B-00C04F79EFBC}") = "UserManagement.Pushers", "UserManagement.Pusher\UserManagement.Pushers.csproj", "{1EF26281-1BD2-423D-9DF0-5951DA26BBA6}"
EndProject
Project("{2150E333-8FDC-42A3-9474-1A3956D46DE8}") = "AutomatedTesting", "AutomatedTesting", "{241A91CD-B532-4C13-9408-D0AC935996B3}"
EndProject
Project("{9A19103F-16F7-4668-BE54-9A1E7A4F7556}") = "MainPageTests", "Automated Testign\MainPageTests\MainPageTests.csproj", "{7B5BB2F1-F422-4803-B3D4-1AF9AEA3FA29}"
EndProject
Project("{9A19103F-16F7-4668-BE54-9A1E7A4F7556}") = "PasswordVaultTest", "Automated Testign\PasswordVaultTest\PasswordVaultTest.csproj", "{E709AE01-C398-4873-9943-41F7CE76ADDA}"
EndProject
Project("{9A19103F-16F7-4668-BE54-9A1E7A4F7556}") = "SetNumberPopUpTests", "Automated Testign\SetNumberPopUpTests\SetNumberPopUpTests.csproj", "{B647D7A8-DEA8-40E1-810A-189AF8B45ED4}"
EndProject
Project("{9A19103F-16F7-4668-BE54-9A1E7A4F7556}") = "AppStartupAndRegTest", "Automated Testign\NUnitTestProject1\AppStartupAndRegTest.csproj", "{AE541969-3BA5-47F9-B660-AFFDBF9E7D17}"
EndProject
Project("{9A19103F-16F7-4668-BE54-9A1E7A4F7556}") = "Version4ChangesTests", "Automated Testign\Version4ChangesTests\Version4ChangesTests.csproj", "{3032F591-CF24-44BB-8074-43D8942EF698}"
EndProject
Project("{FAE04EC0-301F-11D3-BF4B-00C04F79EFBC}") = "ConfigTest", "ConfigTest\ConfigTest.csproj", "{4594959D-5EE1-429E-B3E8-600D35AEE50F}"
EndProject
Global
	GlobalSection(SolutionConfigurationPlatforms) = preSolution
		Debug|Any CPU = Debug|Any CPU
		Debug|x64 = Debug|x64
		Debug|x86 = Debug|x86
		Release|Any CPU = Release|Any CPU
		Release|x64 = Release|x64
		Release|x86 = Release|x86
	EndGlobalSection
	GlobalSection(ProjectConfigurationPlatforms) = postSolution
		{F1531D9C-7DF7-4AB2-8902-4331F01CEA18}.Debug|Any CPU.ActiveCfg = Debug|Any CPU
		{F1531D9C-7DF7-4AB2-8902-4331F01CEA18}.Debug|Any CPU.Build.0 = Debug|Any CPU
		{F1531D9C-7DF7-4AB2-8902-4331F01CEA18}.Debug|x64.ActiveCfg = Debug|x64
		{F1531D9C-7DF7-4AB2-8902-4331F01CEA18}.Debug|x64.Build.0 = Debug|x64
		{F1531D9C-7DF7-4AB2-8902-4331F01CEA18}.Debug|x86.ActiveCfg = Debug|x86
		{F1531D9C-7DF7-4AB2-8902-4331F01CEA18}.Debug|x86.Build.0 = Debug|x86
		{F1531D9C-7DF7-4AB2-8902-4331F01CEA18}.Release|Any CPU.ActiveCfg = Release|Any CPU
		{F1531D9C-7DF7-4AB2-8902-4331F01CEA18}.Release|Any CPU.Build.0 = Release|Any CPU
		{F1531D9C-7DF7-4AB2-8902-4331F01CEA18}.Release|x64.ActiveCfg = Release|x64
		{F1531D9C-7DF7-4AB2-8902-4331F01CEA18}.Release|x64.Build.0 = Release|x64
		{F1531D9C-7DF7-4AB2-8902-4331F01CEA18}.Release|x86.ActiveCfg = Release|x86
		{F1531D9C-7DF7-4AB2-8902-4331F01CEA18}.Release|x86.Build.0 = Release|x86
		{04B4FE5C-7ED2-4245-B383-8750C96DE395}.Debug|Any CPU.ActiveCfg = Debug|Any CPU
		{04B4FE5C-7ED2-4245-B383-8750C96DE395}.Debug|Any CPU.Build.0 = Debug|Any CPU
		{04B4FE5C-7ED2-4245-B383-8750C96DE395}.Debug|x64.ActiveCfg = Debug|x64
		{04B4FE5C-7ED2-4245-B383-8750C96DE395}.Debug|x64.Build.0 = Debug|x64
		{04B4FE5C-7ED2-4245-B383-8750C96DE395}.Debug|x86.ActiveCfg = Debug|x86
		{04B4FE5C-7ED2-4245-B383-8750C96DE395}.Debug|x86.Build.0 = Debug|x86
		{04B4FE5C-7ED2-4245-B383-8750C96DE395}.Release|Any CPU.ActiveCfg = Release|Any CPU
		{04B4FE5C-7ED2-4245-B383-8750C96DE395}.Release|Any CPU.Build.0 = Release|Any CPU
		{04B4FE5C-7ED2-4245-B383-8750C96DE395}.Release|x64.ActiveCfg = Release|x64
		{04B4FE5C-7ED2-4245-B383-8750C96DE395}.Release|x64.Build.0 = Release|x64
		{04B4FE5C-7ED2-4245-B383-8750C96DE395}.Release|x86.ActiveCfg = Release|x86
		{04B4FE5C-7ED2-4245-B383-8750C96DE395}.Release|x86.Build.0 = Release|x86
		{55815044-5350-402D-A8E0-59741C3AACFB}.Debug|Any CPU.ActiveCfg = Debug|Any CPU
		{55815044-5350-402D-A8E0-59741C3AACFB}.Debug|Any CPU.Build.0 = Debug|Any CPU
		{55815044-5350-402D-A8E0-59741C3AACFB}.Debug|x64.ActiveCfg = Debug|x64
		{55815044-5350-402D-A8E0-59741C3AACFB}.Debug|x64.Build.0 = Debug|x64
		{55815044-5350-402D-A8E0-59741C3AACFB}.Debug|x86.ActiveCfg = Debug|x86
		{55815044-5350-402D-A8E0-59741C3AACFB}.Debug|x86.Build.0 = Debug|x86
		{55815044-5350-402D-A8E0-59741C3AACFB}.Release|Any CPU.ActiveCfg = Release|Any CPU
		{55815044-5350-402D-A8E0-59741C3AACFB}.Release|Any CPU.Build.0 = Release|Any CPU
		{55815044-5350-402D-A8E0-59741C3AACFB}.Release|x64.ActiveCfg = Release|x64
		{55815044-5350-402D-A8E0-59741C3AACFB}.Release|x64.Build.0 = Release|x64
		{55815044-5350-402D-A8E0-59741C3AACFB}.Release|x86.ActiveCfg = Release|x86
		{55815044-5350-402D-A8E0-59741C3AACFB}.Release|x86.Build.0 = Release|x86
		{41BC0307-426E-4F3D-BBDB-C1D7063DFF3A}.Debug|Any CPU.ActiveCfg = Debug|Any CPU
		{41BC0307-426E-4F3D-BBDB-C1D7063DFF3A}.Debug|Any CPU.Build.0 = Debug|Any CPU
		{41BC0307-426E-4F3D-BBDB-C1D7063DFF3A}.Debug|x64.ActiveCfg = Debug|x64
		{41BC0307-426E-4F3D-BBDB-C1D7063DFF3A}.Debug|x64.Build.0 = Debug|x64
		{41BC0307-426E-4F3D-BBDB-C1D7063DFF3A}.Debug|x86.ActiveCfg = Debug|x86
		{41BC0307-426E-4F3D-BBDB-C1D7063DFF3A}.Debug|x86.Build.0 = Debug|x86
		{41BC0307-426E-4F3D-BBDB-C1D7063DFF3A}.Release|Any CPU.ActiveCfg = Release|Any CPU
		{41BC0307-426E-4F3D-BBDB-C1D7063DFF3A}.Release|Any CPU.Build.0 = Release|Any CPU
		{41BC0307-426E-4F3D-BBDB-C1D7063DFF3A}.Release|x64.ActiveCfg = Release|x64
		{41BC0307-426E-4F3D-BBDB-C1D7063DFF3A}.Release|x64.Build.0 = Release|x64
		{41BC0307-426E-4F3D-BBDB-C1D7063DFF3A}.Release|x86.ActiveCfg = Release|x86
		{41BC0307-426E-4F3D-BBDB-C1D7063DFF3A}.Release|x86.Build.0 = Release|x86
		{2F904DA6-D08C-4DE9-A0F5-722B382B1291}.Debug|Any CPU.ActiveCfg = Debug|Any CPU
		{2F904DA6-D08C-4DE9-A0F5-722B382B1291}.Debug|Any CPU.Build.0 = Debug|Any CPU
		{2F904DA6-D08C-4DE9-A0F5-722B382B1291}.Debug|x64.ActiveCfg = Debug|x64
		{2F904DA6-D08C-4DE9-A0F5-722B382B1291}.Debug|x64.Build.0 = Debug|x64
		{2F904DA6-D08C-4DE9-A0F5-722B382B1291}.Debug|x86.ActiveCfg = Debug|x86
		{2F904DA6-D08C-4DE9-A0F5-722B382B1291}.Debug|x86.Build.0 = Debug|x86
		{2F904DA6-D08C-4DE9-A0F5-722B382B1291}.Release|Any CPU.ActiveCfg = Release|Any CPU
		{2F904DA6-D08C-4DE9-A0F5-722B382B1291}.Release|Any CPU.Build.0 = Release|Any CPU
		{2F904DA6-D08C-4DE9-A0F5-722B382B1291}.Release|x64.ActiveCfg = Release|x64
		{2F904DA6-D08C-4DE9-A0F5-722B382B1291}.Release|x64.Build.0 = Release|x64
		{2F904DA6-D08C-4DE9-A0F5-722B382B1291}.Release|x86.ActiveCfg = Release|x86
		{2F904DA6-D08C-4DE9-A0F5-722B382B1291}.Release|x86.Build.0 = Release|x86
		{47BE615B-AA5D-4711-9916-D7B0070386AE}.Debug|Any CPU.ActiveCfg = Debug|Any CPU
		{47BE615B-AA5D-4711-9916-D7B0070386AE}.Debug|Any CPU.Build.0 = Debug|Any CPU
		{47BE615B-AA5D-4711-9916-D7B0070386AE}.Debug|x64.ActiveCfg = Debug|x64
		{47BE615B-AA5D-4711-9916-D7B0070386AE}.Debug|x64.Build.0 = Debug|x64
		{47BE615B-AA5D-4711-9916-D7B0070386AE}.Debug|x86.ActiveCfg = Debug|x86
		{47BE615B-AA5D-4711-9916-D7B0070386AE}.Debug|x86.Build.0 = Debug|x86
		{47BE615B-AA5D-4711-9916-D7B0070386AE}.Release|Any CPU.ActiveCfg = Release|Any CPU
		{47BE615B-AA5D-4711-9916-D7B0070386AE}.Release|Any CPU.Build.0 = Release|Any CPU
		{47BE615B-AA5D-4711-9916-D7B0070386AE}.Release|x64.ActiveCfg = Release|x64
		{47BE615B-AA5D-4711-9916-D7B0070386AE}.Release|x64.Build.0 = Release|x64
		{47BE615B-AA5D-4711-9916-D7B0070386AE}.Release|x86.ActiveCfg = Release|x86
		{47BE615B-AA5D-4711-9916-D7B0070386AE}.Release|x86.Build.0 = Release|x86
		{DE6128B9-84E0-4D70-ADFF-8E9A7DEE2344}.Debug|Any CPU.ActiveCfg = Debug
		{DE6128B9-84E0-4D70-ADFF-8E9A7DEE2344}.Debug|x64.ActiveCfg = Debug
		{DE6128B9-84E0-4D70-ADFF-8E9A7DEE2344}.Debug|x86.ActiveCfg = Debug
		{DE6128B9-84E0-4D70-ADFF-8E9A7DEE2344}.Release|Any CPU.ActiveCfg = Release
		{DE6128B9-84E0-4D70-ADFF-8E9A7DEE2344}.Release|x64.ActiveCfg = Release
		{DE6128B9-84E0-4D70-ADFF-8E9A7DEE2344}.Release|x86.ActiveCfg = Release
		{1EF26281-1BD2-423D-9DF0-5951DA26BBA6}.Debug|Any CPU.ActiveCfg = Debug|Any CPU
		{1EF26281-1BD2-423D-9DF0-5951DA26BBA6}.Debug|Any CPU.Build.0 = Debug|Any CPU
		{1EF26281-1BD2-423D-9DF0-5951DA26BBA6}.Debug|x64.ActiveCfg = Debug|Any CPU
		{1EF26281-1BD2-423D-9DF0-5951DA26BBA6}.Debug|x64.Build.0 = Debug|Any CPU
		{1EF26281-1BD2-423D-9DF0-5951DA26BBA6}.Debug|x86.ActiveCfg = Debug|Any CPU
		{1EF26281-1BD2-423D-9DF0-5951DA26BBA6}.Debug|x86.Build.0 = Debug|Any CPU
		{1EF26281-1BD2-423D-9DF0-5951DA26BBA6}.Release|Any CPU.ActiveCfg = Release|Any CPU
		{1EF26281-1BD2-423D-9DF0-5951DA26BBA6}.Release|Any CPU.Build.0 = Release|Any CPU
		{1EF26281-1BD2-423D-9DF0-5951DA26BBA6}.Release|x64.ActiveCfg = Release|Any CPU
		{1EF26281-1BD2-423D-9DF0-5951DA26BBA6}.Release|x64.Build.0 = Release|Any CPU
		{1EF26281-1BD2-423D-9DF0-5951DA26BBA6}.Release|x86.ActiveCfg = Release|Any CPU
		{1EF26281-1BD2-423D-9DF0-5951DA26BBA6}.Release|x86.Build.0 = Release|Any CPU
		{7B5BB2F1-F422-4803-B3D4-1AF9AEA3FA29}.Debug|Any CPU.ActiveCfg = Debug|Any CPU
		{7B5BB2F1-F422-4803-B3D4-1AF9AEA3FA29}.Debug|Any CPU.Build.0 = Debug|Any CPU
		{7B5BB2F1-F422-4803-B3D4-1AF9AEA3FA29}.Debug|x64.ActiveCfg = Debug|Any CPU
		{7B5BB2F1-F422-4803-B3D4-1AF9AEA3FA29}.Debug|x64.Build.0 = Debug|Any CPU
		{7B5BB2F1-F422-4803-B3D4-1AF9AEA3FA29}.Debug|x86.ActiveCfg = Debug|Any CPU
		{7B5BB2F1-F422-4803-B3D4-1AF9AEA3FA29}.Debug|x86.Build.0 = Debug|Any CPU
		{7B5BB2F1-F422-4803-B3D4-1AF9AEA3FA29}.Release|Any CPU.ActiveCfg = Release|Any CPU
		{7B5BB2F1-F422-4803-B3D4-1AF9AEA3FA29}.Release|Any CPU.Build.0 = Release|Any CPU
		{7B5BB2F1-F422-4803-B3D4-1AF9AEA3FA29}.Release|x64.ActiveCfg = Release|Any CPU
		{7B5BB2F1-F422-4803-B3D4-1AF9AEA3FA29}.Release|x64.Build.0 = Release|Any CPU
		{7B5BB2F1-F422-4803-B3D4-1AF9AEA3FA29}.Release|x86.ActiveCfg = Release|Any CPU
		{7B5BB2F1-F422-4803-B3D4-1AF9AEA3FA29}.Release|x86.Build.0 = Release|Any CPU
		{E709AE01-C398-4873-9943-41F7CE76ADDA}.Debug|Any CPU.ActiveCfg = Debug|Any CPU
		{E709AE01-C398-4873-9943-41F7CE76ADDA}.Debug|Any CPU.Build.0 = Debug|Any CPU
		{E709AE01-C398-4873-9943-41F7CE76ADDA}.Debug|x64.ActiveCfg = Debug|Any CPU
		{E709AE01-C398-4873-9943-41F7CE76ADDA}.Debug|x64.Build.0 = Debug|Any CPU
		{E709AE01-C398-4873-9943-41F7CE76ADDA}.Debug|x86.ActiveCfg = Debug|Any CPU
		{E709AE01-C398-4873-9943-41F7CE76ADDA}.Debug|x86.Build.0 = Debug|Any CPU
		{E709AE01-C398-4873-9943-41F7CE76ADDA}.Release|Any CPU.ActiveCfg = Release|Any CPU
		{E709AE01-C398-4873-9943-41F7CE76ADDA}.Release|Any CPU.Build.0 = Release|Any CPU
		{E709AE01-C398-4873-9943-41F7CE76ADDA}.Release|x64.ActiveCfg = Release|Any CPU
		{E709AE01-C398-4873-9943-41F7CE76ADDA}.Release|x64.Build.0 = Release|Any CPU
		{E709AE01-C398-4873-9943-41F7CE76ADDA}.Release|x86.ActiveCfg = Release|Any CPU
		{E709AE01-C398-4873-9943-41F7CE76ADDA}.Release|x86.Build.0 = Release|Any CPU
		{B647D7A8-DEA8-40E1-810A-189AF8B45ED4}.Debug|Any CPU.ActiveCfg = Debug|Any CPU
		{B647D7A8-DEA8-40E1-810A-189AF8B45ED4}.Debug|Any CPU.Build.0 = Debug|Any CPU
		{B647D7A8-DEA8-40E1-810A-189AF8B45ED4}.Debug|x64.ActiveCfg = Debug|Any CPU
		{B647D7A8-DEA8-40E1-810A-189AF8B45ED4}.Debug|x64.Build.0 = Debug|Any CPU
		{B647D7A8-DEA8-40E1-810A-189AF8B45ED4}.Debug|x86.ActiveCfg = Debug|Any CPU
		{B647D7A8-DEA8-40E1-810A-189AF8B45ED4}.Debug|x86.Build.0 = Debug|Any CPU
		{B647D7A8-DEA8-40E1-810A-189AF8B45ED4}.Release|Any CPU.ActiveCfg = Release|Any CPU
		{B647D7A8-DEA8-40E1-810A-189AF8B45ED4}.Release|Any CPU.Build.0 = Release|Any CPU
		{B647D7A8-DEA8-40E1-810A-189AF8B45ED4}.Release|x64.ActiveCfg = Release|Any CPU
		{B647D7A8-DEA8-40E1-810A-189AF8B45ED4}.Release|x64.Build.0 = Release|Any CPU
		{B647D7A8-DEA8-40E1-810A-189AF8B45ED4}.Release|x86.ActiveCfg = Release|Any CPU
		{B647D7A8-DEA8-40E1-810A-189AF8B45ED4}.Release|x86.Build.0 = Release|Any CPU
		{AE541969-3BA5-47F9-B660-AFFDBF9E7D17}.Debug|Any CPU.ActiveCfg = Debug|Any CPU
		{AE541969-3BA5-47F9-B660-AFFDBF9E7D17}.Debug|Any CPU.Build.0 = Debug|Any CPU
		{AE541969-3BA5-47F9-B660-AFFDBF9E7D17}.Debug|x64.ActiveCfg = Debug|Any CPU
		{AE541969-3BA5-47F9-B660-AFFDBF9E7D17}.Debug|x64.Build.0 = Debug|Any CPU
		{AE541969-3BA5-47F9-B660-AFFDBF9E7D17}.Debug|x86.ActiveCfg = Debug|Any CPU
		{AE541969-3BA5-47F9-B660-AFFDBF9E7D17}.Debug|x86.Build.0 = Debug|Any CPU
		{AE541969-3BA5-47F9-B660-AFFDBF9E7D17}.Release|Any CPU.ActiveCfg = Release|Any CPU
		{AE541969-3BA5-47F9-B660-AFFDBF9E7D17}.Release|Any CPU.Build.0 = Release|Any CPU
		{AE541969-3BA5-47F9-B660-AFFDBF9E7D17}.Release|x64.ActiveCfg = Release|Any CPU
		{AE541969-3BA5-47F9-B660-AFFDBF9E7D17}.Release|x64.Build.0 = Release|Any CPU
		{AE541969-3BA5-47F9-B660-AFFDBF9E7D17}.Release|x86.ActiveCfg = Release|Any CPU
		{AE541969-3BA5-47F9-B660-AFFDBF9E7D17}.Release|x86.Build.0 = Release|Any CPU
		{3032F591-CF24-44BB-8074-43D8942EF698}.Debug|Any CPU.ActiveCfg = Debug|Any CPU
		{3032F591-CF24-44BB-8074-43D8942EF698}.Debug|Any CPU.Build.0 = Debug|Any CPU
		{3032F591-CF24-44BB-8074-43D8942EF698}.Debug|x64.ActiveCfg = Debug|Any CPU
		{3032F591-CF24-44BB-8074-43D8942EF698}.Debug|x64.Build.0 = Debug|Any CPU
		{3032F591-CF24-44BB-8074-43D8942EF698}.Debug|x86.ActiveCfg = Debug|Any CPU
		{3032F591-CF24-44BB-8074-43D8942EF698}.Debug|x86.Build.0 = Debug|Any CPU
		{3032F591-CF24-44BB-8074-43D8942EF698}.Release|Any CPU.ActiveCfg = Release|Any CPU
		{3032F591-CF24-44BB-8074-43D8942EF698}.Release|Any CPU.Build.0 = Release|Any CPU
		{3032F591-CF24-44BB-8074-43D8942EF698}.Release|x64.ActiveCfg = Release|Any CPU
		{3032F591-CF24-44BB-8074-43D8942EF698}.Release|x64.Build.0 = Release|Any CPU
		{3032F591-CF24-44BB-8074-43D8942EF698}.Release|x86.ActiveCfg = Release|Any CPU
		{3032F591-CF24-44BB-8074-43D8942EF698}.Release|x86.Build.0 = Release|Any CPU
		{4594959D-5EE1-429E-B3E8-600D35AEE50F}.Debug|Any CPU.ActiveCfg = Debug|Any CPU
		{4594959D-5EE1-429E-B3E8-600D35AEE50F}.Debug|Any CPU.Build.0 = Debug|Any CPU
		{4594959D-5EE1-429E-B3E8-600D35AEE50F}.Debug|x64.ActiveCfg = Debug|Any CPU
		{4594959D-5EE1-429E-B3E8-600D35AEE50F}.Debug|x64.Build.0 = Debug|Any CPU
		{4594959D-5EE1-429E-B3E8-600D35AEE50F}.Debug|x86.ActiveCfg = Debug|Any CPU
		{4594959D-5EE1-429E-B3E8-600D35AEE50F}.Debug|x86.Build.0 = Debug|Any CPU
		{4594959D-5EE1-429E-B3E8-600D35AEE50F}.Release|Any CPU.ActiveCfg = Release|Any CPU
		{4594959D-5EE1-429E-B3E8-600D35AEE50F}.Release|Any CPU.Build.0 = Release|Any CPU
		{4594959D-5EE1-429E-B3E8-600D35AEE50F}.Release|x64.ActiveCfg = Release|Any CPU
		{4594959D-5EE1-429E-B3E8-600D35AEE50F}.Release|x64.Build.0 = Release|Any CPU
		{4594959D-5EE1-429E-B3E8-600D35AEE50F}.Release|x86.ActiveCfg = Release|Any CPU
		{4594959D-5EE1-429E-B3E8-600D35AEE50F}.Release|x86.Build.0 = Release|Any CPU
	EndGlobalSection
	GlobalSection(SolutionProperties) = preSolution
		HideSolutionNode = FALSE
	EndGlobalSection
	GlobalSection(NestedProjects) = preSolution
		{F1531D9C-7DF7-4AB2-8902-4331F01CEA18} = {8D31620A-DAC4-4B60-9FA3-4B664162A486}
		{04B4FE5C-7ED2-4245-B383-8750C96DE395} = {8D31620A-DAC4-4B60-9FA3-4B664162A486}
		{55815044-5350-402D-A8E0-59741C3AACFB} = {8D31620A-DAC4-4B60-9FA3-4B664162A486}
		{41BC0307-426E-4F3D-BBDB-C1D7063DFF3A} = {4FB41346-5520-43E8-A6AE-B7233EE4EA10}
		{2F904DA6-D08C-4DE9-A0F5-722B382B1291} = {4FB41346-5520-43E8-A6AE-B7233EE4EA10}
		{47BE615B-AA5D-4711-9916-D7B0070386AE} = {CD29BDFA-4C05-4BBB-88BB-4E15E5AEDB18}
		{1EF26281-1BD2-423D-9DF0-5951DA26BBA6} = {8D31620A-DAC4-4B60-9FA3-4B664162A486}
		{7B5BB2F1-F422-4803-B3D4-1AF9AEA3FA29} = {241A91CD-B532-4C13-9408-D0AC935996B3}
		{E709AE01-C398-4873-9943-41F7CE76ADDA} = {241A91CD-B532-4C13-9408-D0AC935996B3}
		{B647D7A8-DEA8-40E1-810A-189AF8B45ED4} = {241A91CD-B532-4C13-9408-D0AC935996B3}
		{AE541969-3BA5-47F9-B660-AFFDBF9E7D17} = {241A91CD-B532-4C13-9408-D0AC935996B3}
		{3032F591-CF24-44BB-8074-43D8942EF698} = {241A91CD-B532-4C13-9408-D0AC935996B3}
		{4594959D-5EE1-429E-B3E8-600D35AEE50F} = {241A91CD-B532-4C13-9408-D0AC935996B3}
	EndGlobalSection
	GlobalSection(ExtensibilityGlobals) = postSolution
		SolutionGuid = {3C1ABC5A-2323-4E03-BAD6-649629CA68F7}
	EndGlobalSection
EndGlobal
